
Microsoft Visual Studio Solution File, Format Version 12.00
# Visual Studio 15
VisualStudioVersion = 15.0.28307.1433
MinimumVisualStudioVersion = 10.0.40219.1
Project("{FAE04EC0-301F-11D3-BF4B-00C04F79EFBC}") = "AdressbuchWPF", "AdressbuchWPF\AdressbuchWPF.csproj", "{7E3E2809-5928-413E-BF44-B9089B6E89C6}"
EndProject
Global
	GlobalSection(SolutionConfigurationPlatforms) = preSolution
		Debug|Any CPU = Debug|Any CPU
		Release|Any CPU = Release|Any CPU
	EndGlobalSection
	GlobalSection(ProjectConfigurationPlatforms) = postSolution
		{7E3E2809-5928-413E-BF44-B9089B6E89C6}.Debug|Any CPU.ActiveCfg = Debug|Any CPU
		{7E3E2809-5928-413E-BF44-B9089B6E89C6}.Debug|Any CPU.Build.0 = Debug|Any CPU
		{7E3E2809-5928-413E-BF44-B9089B6E89C6}.Release|Any CPU.ActiveCfg = Release|Any CPU
		{7E3E2809-5928-413E-BF44-B9089B6E89C6}.Release|Any CPU.Build.0 = Release|Any CPU
	EndGlobalSection
	GlobalSection(SolutionProperties) = preSolution
		HideSolutionNode = FALSE
	EndGlobalSection
	GlobalSection(ExtensibilityGlobals) = postSolution
		SolutionGuid = {29DD9481-D3E2-491F-879D-D9C130B50DEB}
	EndGlobalSection
EndGlobal
